
Microsoft Visual Studio Solution File, Format Version 12.00
# Visual Studio Version 17
VisualStudioVersion = 17.3.32901.215
MinimumVisualStudioVersion = 10.0.40219.1
Project("{FAE04EC0-301F-11D3-BF4B-00C04F79EFBC}") = "ABD-Monitoreo MongoDB", "ABD-Monitoreo MongoDB.csproj", "{39B11159-22A4-4088-A195-3EA9BFD26FCF}"
EndProject
Global
	GlobalSection(SolutionConfigurationPlatforms) = preSolution
		Debug|Any CPU = Debug|Any CPU
		Release|Any CPU = Release|Any CPU
	EndGlobalSection
	GlobalSection(ProjectConfigurationPlatforms) = postSolution
		{39B11159-22A4-4088-A195-3EA9BFD26FCF}.Debug|Any CPU.ActiveCfg = Debug|Any CPU
		{39B11159-22A4-4088-A195-3EA9BFD26FCF}.Debug|Any CPU.Build.0 = Debug|Any CPU
		{39B11159-22A4-4088-A195-3EA9BFD26FCF}.Release|Any CPU.ActiveCfg = Release|Any CPU
		{39B11159-22A4-4088-A195-3EA9BFD26FCF}.Release|Any CPU.Build.0 = Release|Any CPU
	EndGlobalSection
	GlobalSection(SolutionProperties) = preSolution
		HideSolutionNode = FALSE
	EndGlobalSection
	GlobalSection(ExtensibilityGlobals) = postSolution
		SolutionGuid = {CF381B8A-CCA7-498F-8DA4-1B42C3F39C9C}
	EndGlobalSection
EndGlobal
